
Microsoft Visual Studio Solution File, Format Version 12.00
Project("{2150E333-8FDC-42A3-9474-1A3956D46DE8}") = "Solution Items", "Solution Items", "{FC411DE7-A546-4E17-8F3A-4C2A6843A3D7}"
	ProjectSection(SolutionItems) = preProject
		.editorconfig = .editorconfig
		Directory.Build.props = Directory.Build.props
		docker-compose.yaml = docker-compose.yaml
	EndProjectSection
EndProject
Project("{2150E333-8FDC-42A3-9474-1A3956D46DE8}") = "src", "src", "{C2DD94C7-CE94-4473-9B7A-A108B64D094D}"
EndProject
Project("{2150E333-8FDC-42A3-9474-1A3956D46DE8}") = "API", "API", "{C8023904-D630-4C2A-B45C-5D632D51F39D}"
EndProject
Project("{2150E333-8FDC-42A3-9474-1A3956D46DE8}") = "Modules", "Modules", "{867F24C4-E02C-435E-AC71-42A28572F7EE}"
EndProject
Project("{2150E333-8FDC-42A3-9474-1A3956D46DE8}") = "Events", "Events", "{795BFA88-924B-4C57-8A50-8E8C0700D6B8}"
EndProject
Project("{FAE04EC0-301F-11D3-BF4B-00C04F79EFBC}") = "Evently.Api", "Evently.Api\Evently.Api.csproj", "{3F7F6CEB-CE16-47CC-9850-4CD17FC049DD}"
EndProject
Project("{FAE04EC0-301F-11D3-BF4B-00C04F79EFBC}") = "Evently.Modules.Events.Presentation", "Evently.Modules.Events.Presentation\Evently.Modules.Events.Presentation.csproj", "{499C95CD-179D-43FD-A39A-69C3DB530E22}"
EndProject
Project("{FAE04EC0-301F-11D3-BF4B-00C04F79EFBC}") = "Evently.Modules.Events.Infrastructure", "Evently.Modules.Events.Infrastructure\Evently.Modules.Events.Infrastructure.csproj", "{CCFBD88E-1C06-4779-8545-600762BBC0B8}"
EndProject
Project("{FAE04EC0-301F-11D3-BF4B-00C04F79EFBC}") = "Evently.Modules.Events.Domain", "Evently.Modules.Events.Domain\Evently.Modules.Events.Domain.csproj", "{60733A43-4D4A-4A70-AA1C-0791FCEA1687}"
EndProject
Project("{FAE04EC0-301F-11D3-BF4B-00C04F79EFBC}") = "Evently.Modules.Events.Application", "Evently.Modules.Events.Application\Evently.Modules.Events.Application.csproj", "{A0306CF4-6767-441F-927B-11073513D2B9}"
EndProject
Project("{2150E333-8FDC-42A3-9474-1A3956D46DE8}") = "Common", "Common", "{95DFC643-FB37-44DC-B48C-846657B556A0}"
EndProject
Project("{FAE04EC0-301F-11D3-BF4B-00C04F79EFBC}") = "Evently.Common.Application", "Evently.Common.Application\Evently.Common.Application.csproj", "{806A67B6-7847-4FDD-97B3-0F7C31CE269D}"
EndProject
Project("{FAE04EC0-301F-11D3-BF4B-00C04F79EFBC}") = "Evently.Common.Domain", "Evently.Common.Domain\Evently.Common.Domain.csproj", "{8A3BF4F9-C925-4F51-84EF-488F9464091C}"
EndProject
Project("{FAE04EC0-301F-11D3-BF4B-00C04F79EFBC}") = "Evently.Common.Infrastructure", "Evently.Common.Infrastructure\Evently.Common.Infrastructure.csproj", "{57D3EEA4-BCEB-4116-A707-5ECE7EE91924}"
EndProject
Project("{FAE04EC0-301F-11D3-BF4B-00C04F79EFBC}") = "Evently.Common.Presentation", "Evently.Common.Presentation\Evently.Common.Presentation.csproj", "{57F64A39-E5C7-4D43-BCE9-328015C8D57B}"
EndProject
Project("{2150E333-8FDC-42A3-9474-1A3956D46DE8}") = "Users", "Users", "{DE557A1F-95EC-4FC0-9FB1-F8BE53621C5F}"
EndProject
Project("{FAE04EC0-301F-11D3-BF4B-00C04F79EFBC}") = "Evently.Modules.Users.Application", "Evently.Modules.Users.Application\Evently.Modules.Users.Application.csproj", "{82A74B4E-89CA-4C6F-9CCB-3C427F9338D7}"
EndProject
Project("{FAE04EC0-301F-11D3-BF4B-00C04F79EFBC}") = "Evently.Modules.Users.Domain", "Evently.Modules.Users.Domain\Evently.Modules.Users.Domain.csproj", "{8F1B8503-E78E-4737-8D06-E0C9085FA4F5}"
EndProject
Project("{FAE04EC0-301F-11D3-BF4B-00C04F79EFBC}") = "Evently.Modules.Users.Infrastructure", "Evently.Modules.Users.Infrastructure\Evently.Modules.Users.Infrastructure.csproj", "{B7F5070E-E1D3-4CBA-9568-FCEC2EDED545}"
EndProject
Project("{FAE04EC0-301F-11D3-BF4B-00C04F79EFBC}") = "Evently.Modules.Users.Presentation", "Evently.Modules.Users.Presentation\Evently.Modules.Users.Presentation.csproj", "{020FCDD2-7682-4357-AC5B-9F2CF2F87B1D}"
EndProject
Project("{2150E333-8FDC-42A3-9474-1A3956D46DE8}") = "Ticketing", "Ticketing", "{E5EFBDAB-DA94-4E51-B0F3-C0BF9DEEA5E9}"
EndProject
Project("{FAE04EC0-301F-11D3-BF4B-00C04F79EFBC}") = "Evently.Modules.Ticketing.Application", "Evently.Modules.Ticketing.Application\Evently.Modules.Ticketing.Application.csproj", "{3632C91F-C5CC-4200-B981-7F1335CC4760}"
EndProject
Project("{FAE04EC0-301F-11D3-BF4B-00C04F79EFBC}") = "Evently.Modules.Ticketing.Domain", "Evently.Modules.Ticketing.Domain\Evently.Modules.Ticketing.Domain.csproj", "{5285EA7C-5818-4DF1-A751-E4A6DA4AA350}"
EndProject
Project("{FAE04EC0-301F-11D3-BF4B-00C04F79EFBC}") = "Evently.Modules.Ticketing.Infrastructure", "Evently.Modules.Ticketing.Infrastructure\Evently.Modules.Ticketing.Infrastructure.csproj", "{EEA4BC11-13DF-4CC9-914C-1BD3D3B1D244}"
EndProject
Project("{FAE04EC0-301F-11D3-BF4B-00C04F79EFBC}") = "Evently.Modules.Ticketing.Presentation", "Evently.Modules.Ticketing.Presentation\Evently.Modules.Ticketing.Presentation.csproj", "{379BB653-0CF2-4D8A-B6A5-2A7C0A239B78}"
EndProject
Project("{FAE04EC0-301F-11D3-BF4B-00C04F79EFBC}") = "Evently.Modules.Users.PublicApi", "Evently.Modules.Users.PublicApi\Evently.Modules.Users.PublicApi.csproj", "{E7AA67B6-B2F1-4496-9087-C35A99B22F71}"
EndProject
Project("{FAE04EC0-301F-11D3-BF4B-00C04F79EFBC}") = "Evently.Modules.Events.PublicApi", "Evently.Modules.Events.PublicApi\Evently.Modules.Events.PublicApi.csproj", "{57B36BB8-E021-453D-802B-7F19DC817D30}"
EndProject
Global
	GlobalSection(SolutionConfigurationPlatforms) = preSolution
		Debug|Any CPU = Debug|Any CPU
		Release|Any CPU = Release|Any CPU
	EndGlobalSection
	GlobalSection(ProjectConfigurationPlatforms) = postSolution
		{3F7F6CEB-CE16-47CC-9850-4CD17FC049DD}.Debug|Any CPU.ActiveCfg = Debug|Any CPU
		{3F7F6CEB-CE16-47CC-9850-4CD17FC049DD}.Debug|Any CPU.Build.0 = Debug|Any CPU
		{3F7F6CEB-CE16-47CC-9850-4CD17FC049DD}.Release|Any CPU.ActiveCfg = Release|Any CPU
		{3F7F6CEB-CE16-47CC-9850-4CD17FC049DD}.Release|Any CPU.Build.0 = Release|Any CPU
		{499C95CD-179D-43FD-A39A-69C3DB530E22}.Debug|Any CPU.ActiveCfg = Debug|Any CPU
		{499C95CD-179D-43FD-A39A-69C3DB530E22}.Debug|Any CPU.Build.0 = Debug|Any CPU
		{499C95CD-179D-43FD-A39A-69C3DB530E22}.Release|Any CPU.ActiveCfg = Release|Any CPU
		{499C95CD-179D-43FD-A39A-69C3DB530E22}.Release|Any CPU.Build.0 = Release|Any CPU
		{CCFBD88E-1C06-4779-8545-600762BBC0B8}.Debug|Any CPU.ActiveCfg = Debug|Any CPU
		{CCFBD88E-1C06-4779-8545-600762BBC0B8}.Debug|Any CPU.Build.0 = Debug|Any CPU
		{CCFBD88E-1C06-4779-8545-600762BBC0B8}.Release|Any CPU.ActiveCfg = Release|Any CPU
		{CCFBD88E-1C06-4779-8545-600762BBC0B8}.Release|Any CPU.Build.0 = Release|Any CPU
		{60733A43-4D4A-4A70-AA1C-0791FCEA1687}.Debug|Any CPU.ActiveCfg = Debug|Any CPU
		{60733A43-4D4A-4A70-AA1C-0791FCEA1687}.Debug|Any CPU.Build.0 = Debug|Any CPU
		{60733A43-4D4A-4A70-AA1C-0791FCEA1687}.Release|Any CPU.ActiveCfg = Release|Any CPU
		{60733A43-4D4A-4A70-AA1C-0791FCEA1687}.Release|Any CPU.Build.0 = Release|Any CPU
		{A0306CF4-6767-441F-927B-11073513D2B9}.Debug|Any CPU.ActiveCfg = Debug|Any CPU
		{A0306CF4-6767-441F-927B-11073513D2B9}.Debug|Any CPU.Build.0 = Debug|Any CPU
		{A0306CF4-6767-441F-927B-11073513D2B9}.Release|Any CPU.ActiveCfg = Release|Any CPU
		{A0306CF4-6767-441F-927B-11073513D2B9}.Release|Any CPU.Build.0 = Release|Any CPU
		{806A67B6-7847-4FDD-97B3-0F7C31CE269D}.Debug|Any CPU.ActiveCfg = Debug|Any CPU
		{806A67B6-7847-4FDD-97B3-0F7C31CE269D}.Debug|Any CPU.Build.0 = Debug|Any CPU
		{806A67B6-7847-4FDD-97B3-0F7C31CE269D}.Release|Any CPU.ActiveCfg = Release|Any CPU
		{806A67B6-7847-4FDD-97B3-0F7C31CE269D}.Release|Any CPU.Build.0 = Release|Any CPU
		{8A3BF4F9-C925-4F51-84EF-488F9464091C}.Debug|Any CPU.ActiveCfg = Debug|Any CPU
		{8A3BF4F9-C925-4F51-84EF-488F9464091C}.Debug|Any CPU.Build.0 = Debug|Any CPU
		{8A3BF4F9-C925-4F51-84EF-488F9464091C}.Release|Any CPU.ActiveCfg = Release|Any CPU
		{8A3BF4F9-C925-4F51-84EF-488F9464091C}.Release|Any CPU.Build.0 = Release|Any CPU
		{57D3EEA4-BCEB-4116-A707-5ECE7EE91924}.Debug|Any CPU.ActiveCfg = Debug|Any CPU
		{57D3EEA4-BCEB-4116-A707-5ECE7EE91924}.Debug|Any CPU.Build.0 = Debug|Any CPU
		{57D3EEA4-BCEB-4116-A707-5ECE7EE91924}.Release|Any CPU.ActiveCfg = Release|Any CPU
		{57D3EEA4-BCEB-4116-A707-5ECE7EE91924}.Release|Any CPU.Build.0 = Release|Any CPU
		{57F64A39-E5C7-4D43-BCE9-328015C8D57B}.Debug|Any CPU.ActiveCfg = Debug|Any CPU
		{57F64A39-E5C7-4D43-BCE9-328015C8D57B}.Debug|Any CPU.Build.0 = Debug|Any CPU
		{57F64A39-E5C7-4D43-BCE9-328015C8D57B}.Release|Any CPU.ActiveCfg = Release|Any CPU
		{57F64A39-E5C7-4D43-BCE9-328015C8D57B}.Release|Any CPU.Build.0 = Release|Any CPU
		{82A74B4E-89CA-4C6F-9CCB-3C427F9338D7}.Debug|Any CPU.ActiveCfg = Debug|Any CPU
		{82A74B4E-89CA-4C6F-9CCB-3C427F9338D7}.Debug|Any CPU.Build.0 = Debug|Any CPU
		{82A74B4E-89CA-4C6F-9CCB-3C427F9338D7}.Release|Any CPU.ActiveCfg = Release|Any CPU
		{82A74B4E-89CA-4C6F-9CCB-3C427F9338D7}.Release|Any CPU.Build.0 = Release|Any CPU
		{8F1B8503-E78E-4737-8D06-E0C9085FA4F5}.Debug|Any CPU.ActiveCfg = Debug|Any CPU
		{8F1B8503-E78E-4737-8D06-E0C9085FA4F5}.Debug|Any CPU.Build.0 = Debug|Any CPU
		{8F1B8503-E78E-4737-8D06-E0C9085FA4F5}.Release|Any CPU.ActiveCfg = Release|Any CPU
		{8F1B8503-E78E-4737-8D06-E0C9085FA4F5}.Release|Any CPU.Build.0 = Release|Any CPU
		{B7F5070E-E1D3-4CBA-9568-FCEC2EDED545}.Debug|Any CPU.ActiveCfg = Debug|Any CPU
		{B7F5070E-E1D3-4CBA-9568-FCEC2EDED545}.Debug|Any CPU.Build.0 = Debug|Any CPU
		{B7F5070E-E1D3-4CBA-9568-FCEC2EDED545}.Release|Any CPU.ActiveCfg = Release|Any CPU
		{B7F5070E-E1D3-4CBA-9568-FCEC2EDED545}.Release|Any CPU.Build.0 = Release|Any CPU
		{020FCDD2-7682-4357-AC5B-9F2CF2F87B1D}.Debug|Any CPU.ActiveCfg = Debug|Any CPU
		{020FCDD2-7682-4357-AC5B-9F2CF2F87B1D}.Debug|Any CPU.Build.0 = Debug|Any CPU
		{020FCDD2-7682-4357-AC5B-9F2CF2F87B1D}.Release|Any CPU.ActiveCfg = Release|Any CPU
		{020FCDD2-7682-4357-AC5B-9F2CF2F87B1D}.Release|Any CPU.Build.0 = Release|Any CPU
		{3632C91F-C5CC-4200-B981-7F1335CC4760}.Debug|Any CPU.ActiveCfg = Debug|Any CPU
		{3632C91F-C5CC-4200-B981-7F1335CC4760}.Debug|Any CPU.Build.0 = Debug|Any CPU
		{3632C91F-C5CC-4200-B981-7F1335CC4760}.Release|Any CPU.ActiveCfg = Release|Any CPU
		{3632C91F-C5CC-4200-B981-7F1335CC4760}.Release|Any CPU.Build.0 = Release|Any CPU
		{5285EA7C-5818-4DF1-A751-E4A6DA4AA350}.Debug|Any CPU.ActiveCfg = Debug|Any CPU
		{5285EA7C-5818-4DF1-A751-E4A6DA4AA350}.Debug|Any CPU.Build.0 = Debug|Any CPU
		{5285EA7C-5818-4DF1-A751-E4A6DA4AA350}.Release|Any CPU.ActiveCfg = Release|Any CPU
		{5285EA7C-5818-4DF1-A751-E4A6DA4AA350}.Release|Any CPU.Build.0 = Release|Any CPU
		{EEA4BC11-13DF-4CC9-914C-1BD3D3B1D244}.Debug|Any CPU.ActiveCfg = Debug|Any CPU
		{EEA4BC11-13DF-4CC9-914C-1BD3D3B1D244}.Debug|Any CPU.Build.0 = Debug|Any CPU
		{EEA4BC11-13DF-4CC9-914C-1BD3D3B1D244}.Release|Any CPU.ActiveCfg = Release|Any CPU
		{EEA4BC11-13DF-4CC9-914C-1BD3D3B1D244}.Release|Any CPU.Build.0 = Release|Any CPU
		{379BB653-0CF2-4D8A-B6A5-2A7C0A239B78}.Debug|Any CPU.ActiveCfg = Debug|Any CPU
		{379BB653-0CF2-4D8A-B6A5-2A7C0A239B78}.Debug|Any CPU.Build.0 = Debug|Any CPU
		{379BB653-0CF2-4D8A-B6A5-2A7C0A239B78}.Release|Any CPU.ActiveCfg = Release|Any CPU
		{379BB653-0CF2-4D8A-B6A5-2A7C0A239B78}.Release|Any CPU.Build.0 = Release|Any CPU
		{E7AA67B6-B2F1-4496-9087-C35A99B22F71}.Debug|Any CPU.ActiveCfg = Debug|Any CPU
		{E7AA67B6-B2F1-4496-9087-C35A99B22F71}.Debug|Any CPU.Build.0 = Debug|Any CPU
		{E7AA67B6-B2F1-4496-9087-C35A99B22F71}.Release|Any CPU.ActiveCfg = Release|Any CPU
		{E7AA67B6-B2F1-4496-9087-C35A99B22F71}.Release|Any CPU.Build.0 = Release|Any CPU
		{57B36BB8-E021-453D-802B-7F19DC817D30}.Debug|Any CPU.ActiveCfg = Debug|Any CPU
		{57B36BB8-E021-453D-802B-7F19DC817D30}.Debug|Any CPU.Build.0 = Debug|Any CPU
		{57B36BB8-E021-453D-802B-7F19DC817D30}.Release|Any CPU.ActiveCfg = Release|Any CPU
		{57B36BB8-E021-453D-802B-7F19DC817D30}.Release|Any CPU.Build.0 = Release|Any CPU
	EndGlobalSection
	GlobalSection(NestedProjects) = preSolution
		{C8023904-D630-4C2A-B45C-5D632D51F39D} = {C2DD94C7-CE94-4473-9B7A-A108B64D094D}
		{867F24C4-E02C-435E-AC71-42A28572F7EE} = {C2DD94C7-CE94-4473-9B7A-A108B64D094D}
		{795BFA88-924B-4C57-8A50-8E8C0700D6B8} = {867F24C4-E02C-435E-AC71-42A28572F7EE}
		{3F7F6CEB-CE16-47CC-9850-4CD17FC049DD} = {C8023904-D630-4C2A-B45C-5D632D51F39D}
		{499C95CD-179D-43FD-A39A-69C3DB530E22} = {795BFA88-924B-4C57-8A50-8E8C0700D6B8}
		{CCFBD88E-1C06-4779-8545-600762BBC0B8} = {795BFA88-924B-4C57-8A50-8E8C0700D6B8}
		{60733A43-4D4A-4A70-AA1C-0791FCEA1687} = {795BFA88-924B-4C57-8A50-8E8C0700D6B8}
		{A0306CF4-6767-441F-927B-11073513D2B9} = {795BFA88-924B-4C57-8A50-8E8C0700D6B8}
		{95DFC643-FB37-44DC-B48C-846657B556A0} = {C2DD94C7-CE94-4473-9B7A-A108B64D094D}
		{806A67B6-7847-4FDD-97B3-0F7C31CE269D} = {95DFC643-FB37-44DC-B48C-846657B556A0}
		{8A3BF4F9-C925-4F51-84EF-488F9464091C} = {95DFC643-FB37-44DC-B48C-846657B556A0}
		{57D3EEA4-BCEB-4116-A707-5ECE7EE91924} = {95DFC643-FB37-44DC-B48C-846657B556A0}
		{57F64A39-E5C7-4D43-BCE9-328015C8D57B} = {95DFC643-FB37-44DC-B48C-846657B556A0}
		{DE557A1F-95EC-4FC0-9FB1-F8BE53621C5F} = {867F24C4-E02C-435E-AC71-42A28572F7EE}
		{82A74B4E-89CA-4C6F-9CCB-3C427F9338D7} = {DE557A1F-95EC-4FC0-9FB1-F8BE53621C5F}
		{8F1B8503-E78E-4737-8D06-E0C9085FA4F5} = {DE557A1F-95EC-4FC0-9FB1-F8BE53621C5F}
		{B7F5070E-E1D3-4CBA-9568-FCEC2EDED545} = {DE557A1F-95EC-4FC0-9FB1-F8BE53621C5F}
		{020FCDD2-7682-4357-AC5B-9F2CF2F87B1D} = {DE557A1F-95EC-4FC0-9FB1-F8BE53621C5F}
		{E5EFBDAB-DA94-4E51-B0F3-C0BF9DEEA5E9} = {867F24C4-E02C-435E-AC71-42A28572F7EE}
		{3632C91F-C5CC-4200-B981-7F1335CC4760} = {E5EFBDAB-DA94-4E51-B0F3-C0BF9DEEA5E9}
		{5285EA7C-5818-4DF1-A751-E4A6DA4AA350} = {E5EFBDAB-DA94-4E51-B0F3-C0BF9DEEA5E9}
		{EEA4BC11-13DF-4CC9-914C-1BD3D3B1D244} = {E5EFBDAB-DA94-4E51-B0F3-C0BF9DEEA5E9}
		{379BB653-0CF2-4D8A-B6A5-2A7C0A239B78} = {E5EFBDAB-DA94-4E51-B0F3-C0BF9DEEA5E9}
		{E7AA67B6-B2F1-4496-9087-C35A99B22F71} = {DE557A1F-95EC-4FC0-9FB1-F8BE53621C5F}
		{57B36BB8-E021-453D-802B-7F19DC817D30} = {795BFA88-924B-4C57-8A50-8E8C0700D6B8}
	EndGlobalSection
EndGlobal
