
Microsoft Visual Studio Solution File, Format Version 12.00
Project("{2150E333-8FDC-42A3-9474-1A3956D46DE8}") = "Solution Items", "Solution Items", "{FC411DE7-A546-4E17-8F3A-4C2A6843A3D7}"
	ProjectSection(SolutionItems) = preProject
		.editorconfig = .editorconfig
		Directory.Build.props = Directory.Build.props
		docker-compose.yaml = docker-compose.yaml
	EndProjectSection
EndProject
Project("{2150E333-8FDC-42A3-9474-1A3956D46DE8}") = "src", "src", "{C2DD94C7-CE94-4473-9B7A-A108B64D094D}"
EndProject
Project("{2150E333-8FDC-42A3-9474-1A3956D46DE8}") = "API", "API", "{C8023904-D630-4C2A-B45C-5D632D51F39D}"
EndProject
Project("{2150E333-8FDC-42A3-9474-1A3956D46DE8}") = "Modules", "Modules", "{867F24C4-E02C-435E-AC71-42A28572F7EE}"
EndProject
Project("{2150E333-8FDC-42A3-9474-1A3956D46DE8}") = "Events", "Events", "{795BFA88-924B-4C57-8A50-8E8C0700D6B8}"
EndProject
Project("{FAE04EC0-301F-11D3-BF4B-00C04F79EFBC}") = "Evently.Api", "Evently.Api\Evently.Api.csproj", "{3F7F6CEB-CE16-47CC-9850-4CD17FC049DD}"
EndProject
Project("{FAE04EC0-301F-11D3-BF4B-00C04F79EFBC}") = "Evently.Modules.Events.Presentation", "Evently.Modules.Events.Presentation\Evently.Modules.Events.Presentation.csproj", "{499C95CD-179D-43FD-A39A-69C3DB530E22}"
EndProject
Project("{FAE04EC0-301F-11D3-BF4B-00C04F79EFBC}") = "Evently.Modules.Events.Infrastructure", "Evently.Modules.Events.Infrastructure\Evently.Modules.Events.Infrastructure.csproj", "{CCFBD88E-1C06-4779-8545-600762BBC0B8}"
EndProject
Project("{FAE04EC0-301F-11D3-BF4B-00C04F79EFBC}") = "Evently.Modules.Events.Domain", "Evently.Modules.Events.Domain\Evently.Modules.Events.Domain.csproj", "{60733A43-4D4A-4A70-AA1C-0791FCEA1687}"
EndProject
Project("{FAE04EC0-301F-11D3-BF4B-00C04F79EFBC}") = "Evently.Modules.Events.Application", "Evently.Modules.Events.Application\Evently.Modules.Events.Application.csproj", "{A0306CF4-6767-441F-927B-11073513D2B9}"
EndProject
Project("{2150E333-8FDC-42A3-9474-1A3956D46DE8}") = "Common", "Common", "{95DFC643-FB37-44DC-B48C-846657B556A0}"
EndProject
Project("{FAE04EC0-301F-11D3-BF4B-00C04F79EFBC}") = "Evently.Common.Application", "Evently.Common.Application\Evently.Common.Application.csproj", "{806A67B6-7847-4FDD-97B3-0F7C31CE269D}"
EndProject
Project("{FAE04EC0-301F-11D3-BF4B-00C04F79EFBC}") = "Evently.Common.Domain", "Evently.Common.Domain\Evently.Common.Domain.csproj", "{8A3BF4F9-C925-4F51-84EF-488F9464091C}"
EndProject
Project("{FAE04EC0-301F-11D3-BF4B-00C04F79EFBC}") = "Evently.Common.Infrastructure", "Evently.Common.Infrastructure\Evently.Common.Infrastructure.csproj", "{57D3EEA4-BCEB-4116-A707-5ECE7EE91924}"
EndProject
Project("{FAE04EC0-301F-11D3-BF4B-00C04F79EFBC}") = "Evently.Common.Presentation", "Evently.Common.Presentation\Evently.Common.Presentation.csproj", "{57F64A39-E5C7-4D43-BCE9-328015C8D57B}"
EndProject
Global
	GlobalSection(SolutionConfigurationPlatforms) = preSolution
		Debug|Any CPU = Debug|Any CPU
		Release|Any CPU = Release|Any CPU
	EndGlobalSection
	GlobalSection(ProjectConfigurationPlatforms) = postSolution
		{3F7F6CEB-CE16-47CC-9850-4CD17FC049DD}.Debug|Any CPU.ActiveCfg = Debug|Any CPU
		{3F7F6CEB-CE16-47CC-9850-4CD17FC049DD}.Debug|Any CPU.Build.0 = Debug|Any CPU
		{3F7F6CEB-CE16-47CC-9850-4CD17FC049DD}.Release|Any CPU.ActiveCfg = Release|Any CPU
		{3F7F6CEB-CE16-47CC-9850-4CD17FC049DD}.Release|Any CPU.Build.0 = Release|Any CPU
		{499C95CD-179D-43FD-A39A-69C3DB530E22}.Debug|Any CPU.ActiveCfg = Debug|Any CPU
		{499C95CD-179D-43FD-A39A-69C3DB530E22}.Debug|Any CPU.Build.0 = Debug|Any CPU
		{499C95CD-179D-43FD-A39A-69C3DB530E22}.Release|Any CPU.ActiveCfg = Release|Any CPU
		{499C95CD-179D-43FD-A39A-69C3DB530E22}.Release|Any CPU.Build.0 = Release|Any CPU
		{CCFBD88E-1C06-4779-8545-600762BBC0B8}.Debug|Any CPU.ActiveCfg = Debug|Any CPU
		{CCFBD88E-1C06-4779-8545-600762BBC0B8}.Debug|Any CPU.Build.0 = Debug|Any CPU
		{CCFBD88E-1C06-4779-8545-600762BBC0B8}.Release|Any CPU.ActiveCfg = Release|Any CPU
		{CCFBD88E-1C06-4779-8545-600762BBC0B8}.Release|Any CPU.Build.0 = Release|Any CPU
		{60733A43-4D4A-4A70-AA1C-0791FCEA1687}.Debug|Any CPU.ActiveCfg = Debug|Any CPU
		{60733A43-4D4A-4A70-AA1C-0791FCEA1687}.Debug|Any CPU.Build.0 = Debug|Any CPU
		{60733A43-4D4A-4A70-AA1C-0791FCEA1687}.Release|Any CPU.ActiveCfg = Release|Any CPU
		{60733A43-4D4A-4A70-AA1C-0791FCEA1687}.Release|Any CPU.Build.0 = Release|Any CPU
		{A0306CF4-6767-441F-927B-11073513D2B9}.Debug|Any CPU.ActiveCfg = Debug|Any CPU
		{A0306CF4-6767-441F-927B-11073513D2B9}.Debug|Any CPU.Build.0 = Debug|Any CPU
		{A0306CF4-6767-441F-927B-11073513D2B9}.Release|Any CPU.ActiveCfg = Release|Any CPU
		{A0306CF4-6767-441F-927B-11073513D2B9}.Release|Any CPU.Build.0 = Release|Any CPU
		{806A67B6-7847-4FDD-97B3-0F7C31CE269D}.Debug|Any CPU.ActiveCfg = Debug|Any CPU
		{806A67B6-7847-4FDD-97B3-0F7C31CE269D}.Debug|Any CPU.Build.0 = Debug|Any CPU
		{806A67B6-7847-4FDD-97B3-0F7C31CE269D}.Release|Any CPU.ActiveCfg = Release|Any CPU
		{806A67B6-7847-4FDD-97B3-0F7C31CE269D}.Release|Any CPU.Build.0 = Release|Any CPU
		{8A3BF4F9-C925-4F51-84EF-488F9464091C}.Debug|Any CPU.ActiveCfg = Debug|Any CPU
		{8A3BF4F9-C925-4F51-84EF-488F9464091C}.Debug|Any CPU.Build.0 = Debug|Any CPU
		{8A3BF4F9-C925-4F51-84EF-488F9464091C}.Release|Any CPU.ActiveCfg = Release|Any CPU
		{8A3BF4F9-C925-4F51-84EF-488F9464091C}.Release|Any CPU.Build.0 = Release|Any CPU
		{57D3EEA4-BCEB-4116-A707-5ECE7EE91924}.Debug|Any CPU.ActiveCfg = Debug|Any CPU
		{57D3EEA4-BCEB-4116-A707-5ECE7EE91924}.Debug|Any CPU.Build.0 = Debug|Any CPU
		{57D3EEA4-BCEB-4116-A707-5ECE7EE91924}.Release|Any CPU.ActiveCfg = Release|Any CPU
		{57D3EEA4-BCEB-4116-A707-5ECE7EE91924}.Release|Any CPU.Build.0 = Release|Any CPU
		{57F64A39-E5C7-4D43-BCE9-328015C8D57B}.Debug|Any CPU.ActiveCfg = Debug|Any CPU
		{57F64A39-E5C7-4D43-BCE9-328015C8D57B}.Debug|Any CPU.Build.0 = Debug|Any CPU
		{57F64A39-E5C7-4D43-BCE9-328015C8D57B}.Release|Any CPU.ActiveCfg = Release|Any CPU
		{57F64A39-E5C7-4D43-BCE9-328015C8D57B}.Release|Any CPU.Build.0 = Release|Any CPU
	EndGlobalSection
	GlobalSection(NestedProjects) = preSolution
		{C8023904-D630-4C2A-B45C-5D632D51F39D} = {C2DD94C7-CE94-4473-9B7A-A108B64D094D}
		{867F24C4-E02C-435E-AC71-42A28572F7EE} = {C2DD94C7-CE94-4473-9B7A-A108B64D094D}
		{795BFA88-924B-4C57-8A50-8E8C0700D6B8} = {867F24C4-E02C-435E-AC71-42A28572F7EE}
		{3F7F6CEB-CE16-47CC-9850-4CD17FC049DD} = {C8023904-D630-4C2A-B45C-5D632D51F39D}
		{499C95CD-179D-43FD-A39A-69C3DB530E22} = {795BFA88-924B-4C57-8A50-8E8C0700D6B8}
		{CCFBD88E-1C06-4779-8545-600762BBC0B8} = {795BFA88-924B-4C57-8A50-8E8C0700D6B8}
		{60733A43-4D4A-4A70-AA1C-0791FCEA1687} = {795BFA88-924B-4C57-8A50-8E8C0700D6B8}
		{A0306CF4-6767-441F-927B-11073513D2B9} = {795BFA88-924B-4C57-8A50-8E8C0700D6B8}
		{95DFC643-FB37-44DC-B48C-846657B556A0} = {C2DD94C7-CE94-4473-9B7A-A108B64D094D}
		{806A67B6-7847-4FDD-97B3-0F7C31CE269D} = {95DFC643-FB37-44DC-B48C-846657B556A0}
		{8A3BF4F9-C925-4F51-84EF-488F9464091C} = {95DFC643-FB37-44DC-B48C-846657B556A0}
		{57D3EEA4-BCEB-4116-A707-5ECE7EE91924} = {95DFC643-FB37-44DC-B48C-846657B556A0}
		{57F64A39-E5C7-4D43-BCE9-328015C8D57B} = {95DFC643-FB37-44DC-B48C-846657B556A0}
	EndGlobalSection
EndGlobal
